// !$*UTF8*$!
{
	archiveVersion = 1;
	classes = {
	};
	objectVersion = 56;
	objects = {

/* Begin PBXBuildFile section */
		D539A3202C34323400B009E9 /* AddImageView.swift in Sources */ = {isa = PBXBuildFile; fileRef = D539A31F2C34323400B009E9 /* AddImageView.swift */; };
		D539A3222C34341F00B009E9 /* AddImageView-ViewController.swift in Sources */ = {isa = PBXBuildFile; fileRef = D539A3212C34341F00B009E9 /* AddImageView-ViewController.swift */; };
		D539A3242C34547E00B009E9 /* DetailView.swift in Sources */ = {isa = PBXBuildFile; fileRef = D539A3232C34547E00B009E9 /* DetailView.swift */; };
		D539A3262C345F0F00B009E9 /* ContentView-ViewModel.swift in Sources */ = {isa = PBXBuildFile; fileRef = D539A3252C345F0F00B009E9 /* ContentView-ViewModel.swift */; };
		D539A3282C34849A00B009E9 /* Colour-Theme.swift in Sources */ = {isa = PBXBuildFile; fileRef = D539A3272C34849A00B009E9 /* Colour-Theme.swift */; };
		D5C3AD6C2C3423F700094758 /* FaceListApp.swift in Sources */ = {isa = PBXBuildFile; fileRef = D5C3AD6B2C3423F700094758 /* FaceListApp.swift */; };
		D5C3AD6E2C3423F700094758 /* ContentView.swift in Sources */ = {isa = PBXBuildFile; fileRef = D5C3AD6D2C3423F700094758 /* ContentView.swift */; };
		D5C3AD702C3423F900094758 /* Assets.xcassets in Resources */ = {isa = PBXBuildFile; fileRef = D5C3AD6F2C3423F900094758 /* Assets.xcassets */; };
		D5C3AD732C3423F900094758 /* Preview Assets.xcassets in Resources */ = {isa = PBXBuildFile; fileRef = D5C3AD722C3423F900094758 /* Preview Assets.xcassets */; };
		D5C3AD7B2C34257F00094758 /* Image.swift in Sources */ = {isa = PBXBuildFile; fileRef = D5C3AD7A2C34257F00094758 /* Image.swift */; };
/* End PBXBuildFile section */

/* Begin PBXFileReference section */
		D539A31F2C34323400B009E9 /* AddImageView.swift */ = {isa = PBXFileReference; lastKnownFileType = sourcecode.swift; path = AddImageView.swift; sourceTree = "<group>"; };
		D539A3212C34341F00B009E9 /* AddImageView-ViewController.swift */ = {isa = PBXFileReference; lastKnownFileType = sourcecode.swift; path = "AddImageView-ViewController.swift"; sourceTree = "<group>"; };
		D539A3232C34547E00B009E9 /* DetailView.swift */ = {isa = PBXFileReference; lastKnownFileType = sourcecode.swift; path = DetailView.swift; sourceTree = "<group>"; };
		D539A3252C345F0F00B009E9 /* ContentView-ViewModel.swift */ = {isa = PBXFileReference; lastKnownFileType = sourcecode.swift; path = "ContentView-ViewModel.swift"; sourceTree = "<group>"; };
		D539A3272C34849A00B009E9 /* Colour-Theme.swift */ = {isa = PBXFileReference; lastKnownFileType = sourcecode.swift; path = "Colour-Theme.swift"; sourceTree = "<group>"; };
		D5C3AD682C3423F700094758 /* FaceList.app */ = {isa = PBXFileReference; explicitFileType = wrapper.application; includeInIndex = 0; path = FaceList.app; sourceTree = BUILT_PRODUCTS_DIR; };
		D5C3AD6B2C3423F700094758 /* FaceListApp.swift */ = {isa = PBXFileReference; lastKnownFileType = sourcecode.swift; path = FaceListApp.swift; sourceTree = "<group>"; };
		D5C3AD6D2C3423F700094758 /* ContentView.swift */ = {isa = PBXFileReference; lastKnownFileType = sourcecode.swift; path = ContentView.swift; sourceTree = "<group>"; };
		D5C3AD6F2C3423F900094758 /* Assets.xcassets */ = {isa = PBXFileReference; lastKnownFileType = folder.assetcatalog; path = Assets.xcassets; sourceTree = "<group>"; };
		D5C3AD722C3423F900094758 /* Preview Assets.xcassets */ = {isa = PBXFileReference; lastKnownFileType = folder.assetcatalog; path = "Preview Assets.xcassets"; sourceTree = "<group>"; };
		D5C3AD7A2C34257F00094758 /* Image.swift */ = {isa = PBXFileReference; lastKnownFileType = sourcecode.swift; path = Image.swift; sourceTree = "<group>"; };
/* End PBXFileReference section */

/* Begin PBXFrameworksBuildPhase section */
		D5C3AD652C3423F700094758 /* Frameworks */ = {
			isa = PBXFrameworksBuildPhase;
			buildActionMask = 2147483647;
			files = (
			);
			runOnlyForDeploymentPostprocessing = 0;
		};
/* End PBXFrameworksBuildPhase section */

/* Begin PBXGroup section */
		D5C3AD5F2C3423F700094758 = {
			isa = PBXGroup;
			children = (
				D5C3AD6A2C3423F700094758 /* FaceList */,
				D5C3AD692C3423F700094758 /* Products */,
			);
			sourceTree = "<group>";
		};
		D5C3AD692C3423F700094758 /* Products */ = {
			isa = PBXGroup;
			children = (
				D5C3AD682C3423F700094758 /* FaceList.app */,
			);
			name = Products;
			sourceTree = "<group>";
		};
		D5C3AD6A2C3423F700094758 /* FaceList */ = {
			isa = PBXGroup;
			children = (
				D539A31F2C34323400B009E9 /* AddImageView.swift */,
				D539A3212C34341F00B009E9 /* AddImageView-ViewController.swift */,
				D539A3272C34849A00B009E9 /* Colour-Theme.swift */,
				D5C3AD6D2C3423F700094758 /* ContentView.swift */,
				D539A3252C345F0F00B009E9 /* ContentView-ViewModel.swift */,
				D539A3232C34547E00B009E9 /* DetailView.swift */,
				D5C3AD6B2C3423F700094758 /* FaceListApp.swift */,
				D5C3AD7A2C34257F00094758 /* Image.swift */,
				D5C3AD6F2C3423F900094758 /* Assets.xcassets */,
				D5C3AD712C3423F900094758 /* Preview Content */,
			);
			path = FaceList;
			sourceTree = "<group>";
		};
		D5C3AD712C3423F900094758 /* Preview Content */ = {
			isa = PBXGroup;
			children = (
				D5C3AD722C3423F900094758 /* Preview Assets.xcassets */,
			);
			path = "Preview Content";
			sourceTree = "<group>";
		};
/* End PBXGroup section */

/* Begin PBXNativeTarget section */
		D5C3AD672C3423F700094758 /* FaceList */ = {
			isa = PBXNativeTarget;
			buildConfigurationList = D5C3AD762C3423F900094758 /* Build configuration list for PBXNativeTarget "FaceList" */;
			buildPhases = (
				D5C3AD642C3423F700094758 /* Sources */,
				D5C3AD652C3423F700094758 /* Frameworks */,
				D5C3AD662C3423F700094758 /* Resources */,
			);
			buildRules = (
			);
			dependencies = (
			);
			name = FaceList;
			productName = FaceList;
			productReference = D5C3AD682C3423F700094758 /* FaceList.app */;
			productType = "com.apple.product-type.application";
		};
/* End PBXNativeTarget section */

/* Begin PBXProject section */
		D5C3AD602C3423F700094758 /* Project object */ = {
			isa = PBXProject;
			attributes = {
				BuildIndependentTargetsInParallel = 1;
				LastSwiftUpdateCheck = 1540;
				LastUpgradeCheck = 1540;
				TargetAttributes = {
					D5C3AD672C3423F700094758 = {
						CreatedOnToolsVersion = 15.4;
					};
				};
			};
			buildConfigurationList = D5C3AD632C3423F700094758 /* Build configuration list for PBXProject "FaceList" */;
			compatibilityVersion = "Xcode 14.0";
			developmentRegion = en;
			hasScannedForEncodings = 0;
			knownRegions = (
				en,
				Base,
			);
			mainGroup = D5C3AD5F2C3423F700094758;
			productRefGroup = D5C3AD692C3423F700094758 /* Products */;
			projectDirPath = "";
			projectRoot = "";
			targets = (
				D5C3AD672C3423F700094758 /* FaceList */,
			);
		};
/* End PBXProject section */

/* Begin PBXResourcesBuildPhase section */
		D5C3AD662C3423F700094758 /* Resources */ = {
			isa = PBXResourcesBuildPhase;
			buildActionMask = 2147483647;
			files = (
				D5C3AD732C3423F900094758 /* Preview Assets.xcassets in Resources */,
				D5C3AD702C3423F900094758 /* Assets.xcassets in Resources */,
			);
			runOnlyForDeploymentPostprocessing = 0;
		};
/* End PBXResourcesBuildPhase section */

/* Begin PBXSourcesBuildPhase section */
		D5C3AD642C3423F700094758 /* Sources */ = {
			isa = PBXSourcesBuildPhase;
			buildActionMask = 2147483647;
			files = (
				D539A3202C34323400B009E9 /* AddImageView.swift in Sources */,
				D539A3282C34849A00B009E9 /* Colour-Theme.swift in Sources */,
				D539A3242C34547E00B009E9 /* DetailView.swift in Sources */,
				D5C3AD6E2C3423F700094758 /* ContentView.swift in Sources */,
				D539A3222C34341F00B009E9 /* AddImageView-ViewController.swift in Sources */,
				D5C3AD7B2C34257F00094758 /* Image.swift in Sources */,
				D539A3262C345F0F00B009E9 /* ContentView-ViewModel.swift in Sources */,
				D5C3AD6C2C3423F700094758 /* FaceListApp.swift in Sources */,
			);
			runOnlyForDeploymentPostprocessing = 0;
		};
/* End PBXSourcesBuildPhase section */

/* Begin XCBuildConfiguration section */
		D5C3AD742C3423F900094758 /* Debug */ = {
			isa = XCBuildConfiguration;
			buildSettings = {
				ALWAYS_SEARCH_USER_PATHS = NO;
				ASSETCATALOG_COMPILER_GENERATE_SWIFT_ASSET_SYMBOL_EXTENSIONS = YES;
				CLANG_ANALYZER_NONNULL = YES;
				CLANG_ANALYZER_NUMBER_OBJECT_CONVERSION = YES_AGGRESSIVE;
				CLANG_CXX_LANGUAGE_STANDARD = "gnu++20";
				CLANG_ENABLE_MODULES = YES;
				CLANG_ENABLE_OBJC_ARC = YES;
				CLANG_ENABLE_OBJC_WEAK = YES;
				CLANG_WARN_BLOCK_CAPTURE_AUTORELEASING = YES;
				CLANG_WARN_BOOL_CONVERSION = YES;
				CLANG_WARN_COMMA = YES;
				CLANG_WARN_CONSTANT_CONVERSION = YES;
				CLANG_WARN_DEPRECATED_OBJC_IMPLEMENTATIONS = YES;
				CLANG_WARN_DIRECT_OBJC_ISA_USAGE = YES_ERROR;
				CLANG_WARN_DOCUMENTATION_COMMENTS = YES;
				CLANG_WARN_EMPTY_BODY = YES;
				CLANG_WARN_ENUM_CONVERSION = YES;
				CLANG_WARN_INFINITE_RECURSION = YES;
				CLANG_WARN_INT_CONVERSION = YES;
				CLANG_WARN_NON_LITERAL_NULL_CONVERSION = YES;
				CLANG_WARN_OBJC_IMPLICIT_RETAIN_SELF = YES;
				CLANG_WARN_OBJC_LITERAL_CONVERSION = YES;
				CLANG_WARN_OBJC_ROOT_CLASS = YES_ERROR;
				CLANG_WARN_QUOTED_INCLUDE_IN_FRAMEWORK_HEADER = YES;
				CLANG_WARN_RANGE_LOOP_ANALYSIS = YES;
				CLANG_WARN_STRICT_PROTOTYPES = YES;
				CLANG_WARN_SUSPICIOUS_MOVE = YES;
				CLANG_WARN_UNGUARDED_AVAILABILITY = YES_AGGRESSIVE;
				CLANG_WARN_UNREACHABLE_CODE = YES;
				CLANG_WARN__DUPLICATE_METHOD_MATCH = YES;
				COPY_PHASE_STRIP = NO;
				DEBUG_INFORMATION_FORMAT = dwarf;
				ENABLE_STRICT_OBJC_MSGSEND = YES;
				ENABLE_TESTABILITY = YES;
				ENABLE_USER_SCRIPT_SANDBOXING = YES;
				GCC_C_LANGUAGE_STANDARD = gnu17;
				GCC_DYNAMIC_NO_PIC = NO;
				GCC_NO_COMMON_BLOCKS = YES;
				GCC_OPTIMIZATION_LEVEL = 0;
				GCC_PREPROCESSOR_DEFINITIONS = (
					"DEBUG=1",
					"$(inherited)",
				);
				GCC_WARN_64_TO_32_BIT_CONVERSION = YES;
				GCC_WARN_ABOUT_RETURN_TYPE = YES_ERROR;
				GCC_WARN_UNDECLARED_SELECTOR = YES;
				GCC_WARN_UNINITIALIZED_AUTOS = YES_AGGRESSIVE;
				GCC_WARN_UNUSED_FUNCTION = YES;
				GCC_WARN_UNUSED_VARIABLE = YES;
				IPHONEOS_DEPLOYMENT_TARGET = 17.5;
				LOCALIZATION_PREFERS_STRING_CATALOGS = YES;
				MTL_ENABLE_DEBUG_INFO = INCLUDE_SOURCE;
				MTL_FAST_MATH = YES;
				ONLY_ACTIVE_ARCH = YES;
				SDKROOT = iphoneos;
				SWIFT_ACTIVE_COMPILATION_CONDITIONS = "DEBUG $(inherited)";
				SWIFT_OPTIMIZATION_LEVEL = "-Onone";
			};
			name = Debug;
		};
		D5C3AD752C3423F900094758 /* Release */ = {
			isa = XCBuildConfiguration;
			buildSettings = {
				ALWAYS_SEARCH_USER_PATHS = NO;
				ASSETCATALOG_COMPILER_GENERATE_SWIFT_ASSET_SYMBOL_EXTENSIONS = YES;
				CLANG_ANALYZER_NONNULL = YES;
				CLANG_ANALYZER_NUMBER_OBJECT_CONVERSION = YES_AGGRESSIVE;
				CLANG_CXX_LANGUAGE_STANDARD = "gnu++20";
				CLANG_ENABLE_MODULES = YES;
				CLANG_ENABLE_OBJC_ARC = YES;
				CLANG_ENABLE_OBJC_WEAK = YES;
				CLANG_WARN_BLOCK_CAPTURE_AUTORELEASING = YES;
				CLANG_WARN_BOOL_CONVERSION = YES;
				CLANG_WARN_COMMA = YES;
				CLANG_WARN_CONSTANT_CONVERSION = YES;
				CLANG_WARN_DEPRECATED_OBJC_IMPLEMENTATIONS = YES;
				CLANG_WARN_DIRECT_OBJC_ISA_USAGE = YES_ERROR;
				CLANG_WARN_DOCUMENTATION_COMMENTS = YES;
				CLANG_WARN_EMPTY_BODY = YES;
				CLANG_WARN_ENUM_CONVERSION = YES;
				CLANG_WARN_INFINITE_RECURSION = YES;
				CLANG_WARN_INT_CONVERSION = YES;
				CLANG_WARN_NON_LITERAL_NULL_CONVERSION = YES;
				CLANG_WARN_OBJC_IMPLICIT_RETAIN_SELF = YES;
				CLANG_WARN_OBJC_LITERAL_CONVERSION = YES;
				CLANG_WARN_OBJC_ROOT_CLASS = YES_ERROR;
				CLANG_WARN_QUOTED_INCLUDE_IN_FRAMEWORK_HEADER = YES;
				CLANG_WARN_RANGE_LOOP_ANALYSIS = YES;
				CLANG_WARN_STRICT_PROTOTYPES = YES;
				CLANG_WARN_SUSPICIOUS_MOVE = YES;
				CLANG_WARN_UNGUARDED_AVAILABILITY = YES_AGGRESSIVE;
				CLANG_WARN_UNREACHABLE_CODE = YES;
				CLANG_WARN__DUPLICATE_METHOD_MATCH = YES;
				COPY_PHASE_STRIP = NO;
				DEBUG_INFORMATION_FORMAT = "dwarf-with-dsym";
				ENABLE_NS_ASSERTIONS = NO;
				ENABLE_STRICT_OBJC_MSGSEND = YES;
				ENABLE_USER_SCRIPT_SANDBOXING = YES;
				GCC_C_LANGUAGE_STANDARD = gnu17;
				GCC_NO_COMMON_BLOCKS = YES;
				GCC_WARN_64_TO_32_BIT_CONVERSION = YES;
				GCC_WARN_ABOUT_RETURN_TYPE = YES_ERROR;
				GCC_WARN_UNDECLARED_SELECTOR = YES;
				GCC_WARN_UNINITIALIZED_AUTOS = YES_AGGRESSIVE;
				GCC_WARN_UNUSED_FUNCTION = YES;
				GCC_WARN_UNUSED_VARIABLE = YES;
				IPHONEOS_DEPLOYMENT_TARGET = 17.5;
				LOCALIZATION_PREFERS_STRING_CATALOGS = YES;
				MTL_ENABLE_DEBUG_INFO = NO;
				MTL_FAST_MATH = YES;
				SDKROOT = iphoneos;
				SWIFT_COMPILATION_MODE = wholemodule;
				VALIDATE_PRODUCT = YES;
			};
			name = Release;
		};
		D5C3AD772C3423F900094758 /* Debug */ = {
			isa = XCBuildConfiguration;
			buildSettings = {
				ASSETCATALOG_COMPILER_APPICON_NAME = AppIcon;
				ASSETCATALOG_COMPILER_GLOBAL_ACCENT_COLOR_NAME = AccentColor;
				CODE_SIGN_STYLE = Automatic;
				CURRENT_PROJECT_VERSION = 1;
				DEVELOPMENT_ASSET_PATHS = "\"FaceList/Preview Content\"";
				DEVELOPMENT_TEAM = ZJC8SV6Q33;
				ENABLE_PREVIEWS = YES;
				GENERATE_INFOPLIST_FILE = YES;
				INFOPLIST_KEY_UIApplicationSceneManifest_Generation = YES;
				INFOPLIST_KEY_UIApplicationSupportsIndirectInputEvents = YES;
				INFOPLIST_KEY_UILaunchScreen_Generation = YES;
				INFOPLIST_KEY_UISupportedInterfaceOrientations_iPad = "UIInterfaceOrientationPortrait UIInterfaceOrientationPortraitUpsideDown UIInterfaceOrientationLandscapeLeft UIInterfaceOrientationLandscapeRight";
				INFOPLIST_KEY_UISupportedInterfaceOrientations_iPhone = "UIInterfaceOrientationPortrait UIInterfaceOrientationLandscapeLeft UIInterfaceOrientationLandscapeRight";
				LD_RUNPATH_SEARCH_PATHS = (
					"$(inherited)",
					"@executable_path/Frameworks",
				);
				MARKETING_VERSION = 1.0;
				PRODUCT_BUNDLE_IDENTIFIER = com.mehmetalpsonmez.FaceList;
				PRODUCT_NAME = "$(TARGET_NAME)";
				SWIFT_EMIT_LOC_STRINGS = YES;
				SWIFT_VERSION = 5.0;
				TARGETED_DEVICE_FAMILY = "1,2";
			};
			name = Debug;
		};
		D5C3AD782C3423F900094758 /* Release */ = {
			isa = XCBuildConfiguration;
			buildSettings = {
				ASSETCATALOG_COMPILER_APPICON_NAME = AppIcon;
				ASSETCATALOG_COMPILER_GLOBAL_ACCENT_COLOR_NAME = AccentColor;
				CODE_SIGN_STYLE = Automatic;
				CURRENT_PROJECT_VERSION = 1;
				DEVELOPMENT_ASSET_PATHS = "\"FaceList/Preview Content\"";
				DEVELOPMENT_TEAM = ZJC8SV6Q33;
				ENABLE_PREVIEWS = YES;
				GENERATE_INFOPLIST_FILE = YES;
				INFOPLIST_KEY_UIApplicationSceneManifest_Generation = YES;
				INFOPLIST_KEY_UIApplicationSupportsIndirectInputEvents = YES;
				INFOPLIST_KEY_UILaunchScreen_Generation = YES;
				INFOPLIST_KEY_UISupportedInterfaceOrientations_iPad = "UIInterfaceOrientationPortrait UIInterfaceOrientationPortraitUpsideDown UIInterfaceOrientationLandscapeLeft UIInterfaceOrientationLandscapeRight";
				INFOPLIST_KEY_UISupportedInterfaceOrientations_iPhone = "UIInterfaceOrientationPortrait UIInterfaceOrientationLandscapeLeft UIInterfaceOrientationLandscapeRight";
				LD_RUNPATH_SEARCH_PATHS = (
					"$(inherited)",
					"@executable_path/Frameworks",
				);
				MARKETING_VERSION = 1.0;
				PRODUCT_BUNDLE_IDENTIFIER = com.mehmetalpsonmez.FaceList;
				PRODUCT_NAME = "$(TARGET_NAME)";
				SWIFT_EMIT_LOC_STRINGS = YES;
				SWIFT_VERSION = 5.0;
				TARGETED_DEVICE_FAMILY = "1,2";
			};
			name = Release;
		};
/* End XCBuildConfiguration section */

/* Begin XCConfigurationList section */
		D5C3AD632C3423F700094758 /* Build configuration list for PBXProject "FaceList" */ = {
			isa = XCConfigurationList;
			buildConfigurations = (
				D5C3AD742C3423F900094758 /* Debug */,
				D5C3AD752C3423F900094758 /* Release */,
			);
			defaultConfigurationIsVisible = 0;
			defaultConfigurationName = Release;
		};
		D5C3AD762C3423F900094758 /* Build configuration list for PBXNativeTarget "FaceList" */ = {
			isa = XCConfigurationList;
			buildConfigurations = (
				D5C3AD772C3423F900094758 /* Debug */,
				D5C3AD782C3423F900094758 /* Release */,
			);
			defaultConfigurationIsVisible = 0;
			defaultConfigurationName = Release;
		};
/* End XCConfigurationList section */
	};
	rootObject = D5C3AD602C3423F700094758 /* Project object */;
}
